
Microsoft Visual Studio Solution File, Format Version 12.00
# Visual Studio Version 17
VisualStudioVersion = 17.10.35027.167
MinimumVisualStudioVersion = 10.0.40219.1
Project("{9A19103F-16F7-4668-BE54-9A1E7A4F7556}") = "RenegadeWizard", "RenegadeWizard\RenegadeWizard.csproj", "{1E4DA01F-C105-49BB-BF0E-FB97B05E2315}"
EndProject
Project("{FAE04EC0-301F-11D3-BF4B-00C04F79EFBC}") = "RenegadeWizardAdjectiveTest", "RenegadeWizardAdjectiveTest\RenegadeWizardAdjectiveTest.csproj", "{CFC988EA-FDEF-4EA6-A4A5-0BAAEF146F5D}"
EndProject
Global
	GlobalSection(SolutionConfigurationPlatforms) = preSolution
		Debug|Any CPU = Debug|Any CPU
		Release|Any CPU = Release|Any CPU
	EndGlobalSection
	GlobalSection(ProjectConfigurationPlatforms) = postSolution
		{1E4DA01F-C105-49BB-BF0E-FB97B05E2315}.Debug|Any CPU.ActiveCfg = Debug|Any CPU
		{1E4DA01F-C105-49BB-BF0E-FB97B05E2315}.Debug|Any CPU.Build.0 = Debug|Any CPU
		{1E4DA01F-C105-49BB-BF0E-FB97B05E2315}.Release|Any CPU.ActiveCfg = Release|Any CPU
		{1E4DA01F-C105-49BB-BF0E-FB97B05E2315}.Release|Any CPU.Build.0 = Release|Any CPU
		{CFC988EA-FDEF-4EA6-A4A5-0BAAEF146F5D}.Debug|Any CPU.ActiveCfg = Debug|Any CPU
		{CFC988EA-FDEF-4EA6-A4A5-0BAAEF146F5D}.Debug|Any CPU.Build.0 = Debug|Any CPU
		{CFC988EA-FDEF-4EA6-A4A5-0BAAEF146F5D}.Release|Any CPU.ActiveCfg = Release|Any CPU
		{CFC988EA-FDEF-4EA6-A4A5-0BAAEF146F5D}.Release|Any CPU.Build.0 = Release|Any CPU
	EndGlobalSection
	GlobalSection(SolutionProperties) = preSolution
		HideSolutionNode = FALSE
	EndGlobalSection
	GlobalSection(ExtensibilityGlobals) = postSolution
		SolutionGuid = {084F8E9F-AF97-4DA6-ABBC-A56F498ABBB8}
	EndGlobalSection
EndGlobal
